
Microsoft Visual Studio Solution File, Format Version 12.00
# Visual Studio 2013
VisualStudioVersion = 12.0.31101.0
MinimumVisualStudioVersion = 10.0.40219.1
Project("{FAE04EC0-301F-11D3-BF4B-00C04F79EFBC}") = "ConsoleApplication", "ConsoleApplication\ConsoleApplication.csproj", "{17C573FE-B11A-4CB5-9B50-C9626A046D3F}"
EndProject
Project("{FAE04EC0-301F-11D3-BF4B-00C04F79EFBC}") = "Tests", "Tests\Tests.csproj", "{A696FFC3-25D3-4A72-ADAA-9D1F50C90174}"
EndProject
Project("{2150E333-8FDC-42A3-9474-1A3956D46DE8}") = "Common", "Common", "{6E24479A-3AA2-4E80-9E47-3A7DCA2B4264}"
	ProjectSection(SolutionItems) = preProject
		Directories.txt = Directories.txt
	EndProjectSection
EndProject
Global
	GlobalSection(SolutionConfigurationPlatforms) = preSolution
		Debug|Any CPU = Debug|Any CPU
		Debug|Mixed Platforms = Debug|Mixed Platforms
		Debug|x86 = Debug|x86
		Release|Any CPU = Release|Any CPU
		Release|Mixed Platforms = Release|Mixed Platforms
		Release|x86 = Release|x86
	EndGlobalSection
	GlobalSection(ProjectConfigurationPlatforms) = postSolution
		{17C573FE-B11A-4CB5-9B50-C9626A046D3F}.Debug|Any CPU.ActiveCfg = Debug|Any CPU
		{17C573FE-B11A-4CB5-9B50-C9626A046D3F}.Debug|Any CPU.Build.0 = Debug|Any CPU
		{17C573FE-B11A-4CB5-9B50-C9626A046D3F}.Debug|Mixed Platforms.ActiveCfg = Debug|Any CPU
		{17C573FE-B11A-4CB5-9B50-C9626A046D3F}.Debug|Mixed Platforms.Build.0 = Debug|Any CPU
		{17C573FE-B11A-4CB5-9B50-C9626A046D3F}.Debug|x86.ActiveCfg = Debug|Any CPU
		{17C573FE-B11A-4CB5-9B50-C9626A046D3F}.Release|Any CPU.ActiveCfg = Release|Any CPU
		{17C573FE-B11A-4CB5-9B50-C9626A046D3F}.Release|Any CPU.Build.0 = Release|Any CPU
		{17C573FE-B11A-4CB5-9B50-C9626A046D3F}.Release|Mixed Platforms.ActiveCfg = Release|Any CPU
		{17C573FE-B11A-4CB5-9B50-C9626A046D3F}.Release|Mixed Platforms.Build.0 = Release|Any CPU
		{17C573FE-B11A-4CB5-9B50-C9626A046D3F}.Release|x86.ActiveCfg = Release|Any CPU
		{A696FFC3-25D3-4A72-ADAA-9D1F50C90174}.Debug|Any CPU.ActiveCfg = Debug|Any CPU
		{A696FFC3-25D3-4A72-ADAA-9D1F50C90174}.Debug|Any CPU.Build.0 = Debug|Any CPU
		{A696FFC3-25D3-4A72-ADAA-9D1F50C90174}.Debug|Mixed Platforms.ActiveCfg = Debug|Any CPU
		{A696FFC3-25D3-4A72-ADAA-9D1F50C90174}.Debug|Mixed Platforms.Build.0 = Debug|Any CPU
		{A696FFC3-25D3-4A72-ADAA-9D1F50C90174}.Debug|x86.ActiveCfg = Debug|Any CPU
		{A696FFC3-25D3-4A72-ADAA-9D1F50C90174}.Release|Any CPU.ActiveCfg = Release|Any CPU
		{A696FFC3-25D3-4A72-ADAA-9D1F50C90174}.Release|Any CPU.Build.0 = Release|Any CPU
		{A696FFC3-25D3-4A72-ADAA-9D1F50C90174}.Release|Mixed Platforms.ActiveCfg = Release|Any CPU
		{A696FFC3-25D3-4A72-ADAA-9D1F50C90174}.Release|Mixed Platforms.Build.0 = Release|Any CPU
		{A696FFC3-25D3-4A72-ADAA-9D1F50C90174}.Release|x86.ActiveCfg = Release|Any CPU
	EndGlobalSection
	GlobalSection(SolutionProperties) = preSolution
		HideSolutionNode = FALSE
	EndGlobalSection
EndGlobal
